
Microsoft Visual Studio Solution File, Format Version 12.00
# Visual Studio 14
VisualStudioVersion = 14.0.24720.0
MinimumVisualStudioVersion = 10.0.40219.1
Project("{FAE04EC0-301F-11D3-BF4B-00C04F79EFBC}") = "Food", "Food\Food.csproj", "{DCE98835-5262-4BD4-9BEE-0C82CBF18F7F}"
	ProjectSection(ProjectDependencies) = postProject
		{46E0ECE1-6E1C-46C0-BF40-E715FED8E104} = {46E0ECE1-6E1C-46C0-BF40-E715FED8E104}
	EndProjectSection
EndProject
Project("{FAE04EC0-301F-11D3-BF4B-00C04F79EFBC}") = "Server", "Server\Server.csproj", "{46E0ECE1-6E1C-46C0-BF40-E715FED8E104}"
EndProject
Project("{FAE04EC0-301F-11D3-BF4B-00C04F79EFBC}") = "UnitTests", "UnitTests\UnitTests.csproj", "{FD900198-A22F-4212-864F-B7A71A607761}"
EndProject
Global
	GlobalSection(SolutionConfigurationPlatforms) = preSolution
		Debug|Any CPU = Debug|Any CPU
		Release|Any CPU = Release|Any CPU
	EndGlobalSection
	GlobalSection(ProjectConfigurationPlatforms) = postSolution
		{DCE98835-5262-4BD4-9BEE-0C82CBF18F7F}.Debug|Any CPU.ActiveCfg = Debug|Any CPU
		{DCE98835-5262-4BD4-9BEE-0C82CBF18F7F}.Debug|Any CPU.Build.0 = Debug|Any CPU
		{DCE98835-5262-4BD4-9BEE-0C82CBF18F7F}.Release|Any CPU.ActiveCfg = Release|Any CPU
		{DCE98835-5262-4BD4-9BEE-0C82CBF18F7F}.Release|Any CPU.Build.0 = Release|Any CPU
		{46E0ECE1-6E1C-46C0-BF40-E715FED8E104}.Debug|Any CPU.ActiveCfg = Debug|Any CPU
		{46E0ECE1-6E1C-46C0-BF40-E715FED8E104}.Debug|Any CPU.Build.0 = Debug|Any CPU
		{46E0ECE1-6E1C-46C0-BF40-E715FED8E104}.Release|Any CPU.ActiveCfg = Release|Any CPU
		{46E0ECE1-6E1C-46C0-BF40-E715FED8E104}.Release|Any CPU.Build.0 = Release|Any CPU
		{FD900198-A22F-4212-864F-B7A71A607761}.Debug|Any CPU.ActiveCfg = Debug|Any CPU
		{FD900198-A22F-4212-864F-B7A71A607761}.Debug|Any CPU.Build.0 = Debug|Any CPU
		{FD900198-A22F-4212-864F-B7A71A607761}.Release|Any CPU.ActiveCfg = Release|Any CPU
		{FD900198-A22F-4212-864F-B7A71A607761}.Release|Any CPU.Build.0 = Release|Any CPU
	EndGlobalSection
	GlobalSection(SolutionProperties) = preSolution
		HideSolutionNode = FALSE
	EndGlobalSection
EndGlobal
